
Microsoft Visual Studio Solution File, Format Version 12.00
# Visual Studio Version 17
VisualStudioVersion = 17.3.32804.467
MinimumVisualStudioVersion = 10.0.40219.1
Project("{FAE04EC0-301F-11D3-BF4B-00C04F79EFBC}") = "XFileInfo", "XFileInfo\XFileInfo.csproj", "{9B6A04D6-650C-4030-A909-961D685C729B}"
EndProject
Global
	GlobalSection(SolutionConfigurationPlatforms) = preSolution
		Debug|Any CPU = Debug|Any CPU
		Release|Any CPU = Release|Any CPU
	EndGlobalSection
	GlobalSection(ProjectConfigurationPlatforms) = postSolution
		{9B6A04D6-650C-4030-A909-961D685C729B}.Debug|Any CPU.ActiveCfg = Debug|Any CPU
		{9B6A04D6-650C-4030-A909-961D685C729B}.Debug|Any CPU.Build.0 = Debug|Any CPU
		{9B6A04D6-650C-4030-A909-961D685C729B}.Release|Any CPU.ActiveCfg = Release|Any CPU
		{9B6A04D6-650C-4030-A909-961D685C729B}.Release|Any CPU.Build.0 = Release|Any CPU
	EndGlobalSection
	GlobalSection(SolutionProperties) = preSolution
		HideSolutionNode = FALSE
	EndGlobalSection
	GlobalSection(ExtensibilityGlobals) = postSolution
		SolutionGuid = {8EB524DB-4344-407D-B7A0-B6EEEBDD89DE}
	EndGlobalSection
EndGlobal
